// !$*UTF8*$!
{
	archiveVersion = 1;
	classes = {
	};
	objectVersion = 77;
	objects = {

/* Begin PBXBuildFile section */
		B323A7332D1D71F200C0FB70 /* SnapKit in Frameworks */ = {isa = PBXBuildFile; productRef = B323A7322D1D71F200C0FB70 /* SnapKit */; };
		B359F5812D1E832900CC0835 /* RxBlocking in Frameworks */ = {isa = PBXBuildFile; productRef = B359F5802D1E832900CC0835 /* RxBlocking */; };
		B359F5832D1E832900CC0835 /* RxCocoa in Frameworks */ = {isa = PBXBuildFile; productRef = B359F5822D1E832900CC0835 /* RxCocoa */; };
		B359F5852D1E832900CC0835 /* RxRelay in Frameworks */ = {isa = PBXBuildFile; productRef = B359F5842D1E832900CC0835 /* RxRelay */; };
/* End PBXBuildFile section */

/* Begin PBXContainerItemProxy section */
		B323A7012D1D115000C0FB70 /* PBXContainerItemProxy */ = {
			isa = PBXContainerItemProxy;
			containerPortal = B323A6E22D1D114E00C0FB70 /* Project object */;
			proxyType = 1;
			remoteGlobalIDString = B323A6E92D1D114E00C0FB70;
			remoteInfo = Sparta9_NetflixClone;
		};
		B323A70B2D1D115000C0FB70 /* PBXContainerItemProxy */ = {
			isa = PBXContainerItemProxy;
			containerPortal = B323A6E22D1D114E00C0FB70 /* Project object */;
			proxyType = 1;
			remoteGlobalIDString = B323A6E92D1D114E00C0FB70;
			remoteInfo = Sparta9_NetflixClone;
		};
/* End PBXContainerItemProxy section */

/* Begin PBXFileReference section */
		B323A6EA2D1D114E00C0FB70 /* Sparta9_NetflixClone.app */ = {isa = PBXFileReference; explicitFileType = wrapper.application; includeInIndex = 0; path = Sparta9_NetflixClone.app; sourceTree = BUILT_PRODUCTS_DIR; };
		B323A7002D1D115000C0FB70 /* Sparta9_NetflixCloneTests.xctest */ = {isa = PBXFileReference; explicitFileType = wrapper.cfbundle; includeInIndex = 0; path = Sparta9_NetflixCloneTests.xctest; sourceTree = BUILT_PRODUCTS_DIR; };
		B323A70A2D1D115000C0FB70 /* Sparta9_NetflixCloneUITests.xctest */ = {isa = PBXFileReference; explicitFileType = wrapper.cfbundle; includeInIndex = 0; path = Sparta9_NetflixCloneUITests.xctest; sourceTree = BUILT_PRODUCTS_DIR; };
/* End PBXFileReference section */

/* Begin PBXFileSystemSynchronizedBuildFileExceptionSet section */
		B323A7122D1D115000C0FB70 /* Exceptions for "Sparta9_NetflixClone" folder in "Sparta9_NetflixClone" target */ = {
			isa = PBXFileSystemSynchronizedBuildFileExceptionSet;
			membershipExceptions = (
				Info.plist,
			);
			target = B323A6E92D1D114E00C0FB70 /* Sparta9_NetflixClone */;
		};
/* End PBXFileSystemSynchronizedBuildFileExceptionSet section */

/* Begin PBXFileSystemSynchronizedRootGroup section */
		B323A6EC2D1D114E00C0FB70 /* Sparta9_NetflixClone */ = {
			isa = PBXFileSystemSynchronizedRootGroup;
			exceptions = (
				B323A7122D1D115000C0FB70 /* Exceptions for "Sparta9_NetflixClone" folder in "Sparta9_NetflixClone" target */,
			);
			path = Sparta9_NetflixClone;
			sourceTree = "<group>";
		};
		B323A7032D1D115000C0FB70 /* Sparta9_NetflixCloneTests */ = {
			isa = PBXFileSystemSynchronizedRootGroup;
			path = Sparta9_NetflixCloneTests;
			sourceTree = "<group>";
		};
		B323A70D2D1D115000C0FB70 /* Sparta9_NetflixCloneUITests */ = {
			isa = PBXFileSystemSynchronizedRootGroup;
			path = Sparta9_NetflixCloneUITests;
			sourceTree = "<group>";
		};
/* End PBXFileSystemSynchronizedRootGroup section */

/* Begin PBXFrameworksBuildPhase section */
		B323A6E72D1D114E00C0FB70 /* Frameworks */ = {
			isa = PBXFrameworksBuildPhase;
			buildActionMask = 2147483647;
			files = (
				B359F5832D1E832900CC0835 /* RxCocoa in Frameworks */,
				B323A7332D1D71F200C0FB70 /* SnapKit in Frameworks */,
				B359F5852D1E832900CC0835 /* RxRelay in Frameworks */,
				B359F5812D1E832900CC0835 /* RxBlocking in Frameworks */,
			);
			runOnlyForDeploymentPostprocessing = 0;
		};
		B323A6FD2D1D115000C0FB70 /* Frameworks */ = {
			isa = PBXFrameworksBuildPhase;
			buildActionMask = 2147483647;
			files = (
			);
			runOnlyForDeploymentPostprocessing = 0;
		};
		B323A7072D1D115000C0FB70 /* Frameworks */ = {
			isa = PBXFrameworksBuildPhase;
			buildActionMask = 2147483647;
			files = (
			);
			runOnlyForDeploymentPostprocessing = 0;
		};
/* End PBXFrameworksBuildPhase section */

/* Begin PBXGroup section */
		B323A6E12D1D114E00C0FB70 = {
			isa = PBXGroup;
			children = (
				B323A6EC2D1D114E00C0FB70 /* Sparta9_NetflixClone */,
				B323A7032D1D115000C0FB70 /* Sparta9_NetflixCloneTests */,
				B323A70D2D1D115000C0FB70 /* Sparta9_NetflixCloneUITests */,
				B323A6EB2D1D114E00C0FB70 /* Products */,
			);
			sourceTree = "<group>";
		};
		B323A6EB2D1D114E00C0FB70 /* Products */ = {
			isa = PBXGroup;
			children = (
				B323A6EA2D1D114E00C0FB70 /* Sparta9_NetflixClone.app */,
				B323A7002D1D115000C0FB70 /* Sparta9_NetflixCloneTests.xctest */,
				B323A70A2D1D115000C0FB70 /* Sparta9_NetflixCloneUITests.xctest */,
			);
			name = Products;
			sourceTree = "<group>";
		};
/* End PBXGroup section */

/* Begin PBXNativeTarget section */
		B323A6E92D1D114E00C0FB70 /* Sparta9_NetflixClone */ = {
			isa = PBXNativeTarget;
			buildConfigurationList = B323A7132D1D115000C0FB70 /* Build configuration list for PBXNativeTarget "Sparta9_NetflixClone" */;
			buildPhases = (
				B323A6E62D1D114E00C0FB70 /* Sources */,
				B323A6E72D1D114E00C0FB70 /* Frameworks */,
				B323A6E82D1D114E00C0FB70 /* Resources */,
			);
			buildRules = (
			);
			dependencies = (
			);
			fileSystemSynchronizedGroups = (
				B323A6EC2D1D114E00C0FB70 /* Sparta9_NetflixClone */,
			);
			name = Sparta9_NetflixClone;
			packageProductDependencies = (
				B323A7322D1D71F200C0FB70 /* SnapKit */,
				B359F5802D1E832900CC0835 /* RxBlocking */,
				B359F5822D1E832900CC0835 /* RxCocoa */,
				B359F5842D1E832900CC0835 /* RxRelay */,
			);
			productName = Sparta9_NetflixClone;
			productReference = B323A6EA2D1D114E00C0FB70 /* Sparta9_NetflixClone.app */;
			productType = "com.apple.product-type.application";
		};
		B323A6FF2D1D115000C0FB70 /* Sparta9_NetflixCloneTests */ = {
			isa = PBXNativeTarget;
			buildConfigurationList = B323A7182D1D115000C0FB70 /* Build configuration list for PBXNativeTarget "Sparta9_NetflixCloneTests" */;
			buildPhases = (
				B323A6FC2D1D115000C0FB70 /* Sources */,
				B323A6FD2D1D115000C0FB70 /* Frameworks */,
				B323A6FE2D1D115000C0FB70 /* Resources */,
			);
			buildRules = (
			);
			dependencies = (
				B323A7022D1D115000C0FB70 /* PBXTargetDependency */,
			);
			fileSystemSynchronizedGroups = (
				B323A7032D1D115000C0FB70 /* Sparta9_NetflixCloneTests */,
			);
			name = Sparta9_NetflixCloneTests;
			packageProductDependencies = (
			);
			productName = Sparta9_NetflixCloneTests;
			productReference = B323A7002D1D115000C0FB70 /* Sparta9_NetflixCloneTests.xctest */;
			productType = "com.apple.product-type.bundle.unit-test";
		};
		B323A7092D1D115000C0FB70 /* Sparta9_NetflixCloneUITests */ = {
			isa = PBXNativeTarget;
			buildConfigurationList = B323A71B2D1D115000C0FB70 /* Build configuration list for PBXNativeTarget "Sparta9_NetflixCloneUITests" */;
			buildPhases = (
				B323A7062D1D115000C0FB70 /* Sources */,
				B323A7072D1D115000C0FB70 /* Frameworks */,
				B323A7082D1D115000C0FB70 /* Resources */,
			);
			buildRules = (
			);
			dependencies = (
				B323A70C2D1D115000C0FB70 /* PBXTargetDependency */,
			);
			fileSystemSynchronizedGroups = (
				B323A70D2D1D115000C0FB70 /* Sparta9_NetflixCloneUITests */,
			);
			name = Sparta9_NetflixCloneUITests;
			packageProductDependencies = (
			);
			productName = Sparta9_NetflixCloneUITests;
			productReference = B323A70A2D1D115000C0FB70 /* Sparta9_NetflixCloneUITests.xctest */;
			productType = "com.apple.product-type.bundle.ui-testing";
		};
/* End PBXNativeTarget section */

/* Begin PBXProject section */
		B323A6E22D1D114E00C0FB70 /* Project object */ = {
			isa = PBXProject;
			attributes = {
				BuildIndependentTargetsInParallel = 1;
				LastSwiftUpdateCheck = 1610;
				LastUpgradeCheck = 1610;
				TargetAttributes = {
					B323A6E92D1D114E00C0FB70 = {
						CreatedOnToolsVersion = 16.1;
					};
					B323A6FF2D1D115000C0FB70 = {
						CreatedOnToolsVersion = 16.1;
						TestTargetID = B323A6E92D1D114E00C0FB70;
					};
					B323A7092D1D115000C0FB70 = {
						CreatedOnToolsVersion = 16.1;
						TestTargetID = B323A6E92D1D114E00C0FB70;
					};
				};
			};
			buildConfigurationList = B323A6E52D1D114E00C0FB70 /* Build configuration list for PBXProject "Sparta9_NetflixClone" */;
			developmentRegion = en;
			hasScannedForEncodings = 0;
			knownRegions = (
				en,
				Base,
			);
			mainGroup = B323A6E12D1D114E00C0FB70;
			minimizedProjectReferenceProxies = 1;
			packageReferences = (
				B323A7312D1D71F200C0FB70 /* XCRemoteSwiftPackageReference "SnapKit" */,
				B359F57F2D1E832900CC0835 /* XCRemoteSwiftPackageReference "RxSwift" */,
			);
			preferredProjectObjectVersion = 77;
			productRefGroup = B323A6EB2D1D114E00C0FB70 /* Products */;
			projectDirPath = "";
			projectRoot = "";
			targets = (
				B323A6E92D1D114E00C0FB70 /* Sparta9_NetflixClone */,
				B323A6FF2D1D115000C0FB70 /* Sparta9_NetflixCloneTests */,
				B323A7092D1D115000C0FB70 /* Sparta9_NetflixCloneUITests */,
			);
		};
/* End PBXProject section */

/* Begin PBXResourcesBuildPhase section */
		B323A6E82D1D114E00C0FB70 /* Resources */ = {
			isa = PBXResourcesBuildPhase;
			buildActionMask = 2147483647;
			files = (
			);
			runOnlyForDeploymentPostprocessing = 0;
		};
		B323A6FE2D1D115000C0FB70 /* Resources */ = {
			isa = PBXResourcesBuildPhase;
			buildActionMask = 2147483647;
			files = (
			);
			runOnlyForDeploymentPostprocessing = 0;
		};
		B323A7082D1D115000C0FB70 /* Resources */ = {
			isa = PBXResourcesBuildPhase;
			buildActionMask = 2147483647;
			files = (
			);
			runOnlyForDeploymentPostprocessing = 0;
		};
/* End PBXResourcesBuildPhase section */

/* Begin PBXSourcesBuildPhase section */
		B323A6E62D1D114E00C0FB70 /* Sources */ = {
			isa = PBXSourcesBuildPhase;
			buildActionMask = 2147483647;
			files = (
			);
			runOnlyForDeploymentPostprocessing = 0;
		};
		B323A6FC2D1D115000C0FB70 /* Sources */ = {
			isa = PBXSourcesBuildPhase;
			buildActionMask = 2147483647;
			files = (
			);
			runOnlyForDeploymentPostprocessing = 0;
		};
		B323A7062D1D115000C0FB70 /* Sources */ = {
			isa = PBXSourcesBuildPhase;
			buildActionMask = 2147483647;
			files = (
			);
			runOnlyForDeploymentPostprocessing = 0;
		};
/* End PBXSourcesBuildPhase section */

/* Begin PBXTargetDependency section */
		B323A7022D1D115000C0FB70 /* PBXTargetDependency */ = {
			isa = PBXTargetDependency;
			target = B323A6E92D1D114E00C0FB70 /* Sparta9_NetflixClone */;
			targetProxy = B323A7012D1D115000C0FB70 /* PBXContainerItemProxy */;
		};
		B323A70C2D1D115000C0FB70 /* PBXTargetDependency */ = {
			isa = PBXTargetDependency;
			target = B323A6E92D1D114E00C0FB70 /* Sparta9_NetflixClone */;
			targetProxy = B323A70B2D1D115000C0FB70 /* PBXContainerItemProxy */;
		};
/* End PBXTargetDependency section */

/* Begin XCBuildConfiguration section */
		B323A7142D1D115000C0FB70 /* Debug */ = {
			isa = XCBuildConfiguration;
			buildSettings = {
				ASSETCATALOG_COMPILER_APPICON_NAME = AppIcon;
				ASSETCATALOG_COMPILER_GLOBAL_ACCENT_COLOR_NAME = AccentColor;
				CODE_SIGN_STYLE = Automatic;
				CURRENT_PROJECT_VERSION = 1;
				GENERATE_INFOPLIST_FILE = YES;
				INFOPLIST_FILE = Sparta9_NetflixClone/Info.plist;
				INFOPLIST_KEY_UIApplicationSupportsIndirectInputEvents = YES;
				INFOPLIST_KEY_UILaunchStoryboardName = LaunchScreen;
				INFOPLIST_KEY_UISupportedInterfaceOrientations_iPad = "UIInterfaceOrientationPortrait UIInterfaceOrientationPortraitUpsideDown UIInterfaceOrientationLandscapeLeft UIInterfaceOrientationLandscapeRight";
				INFOPLIST_KEY_UISupportedInterfaceOrientations_iPhone = "UIInterfaceOrientationPortrait UIInterfaceOrientationLandscapeLeft UIInterfaceOrientationLandscapeRight";
				LD_RUNPATH_SEARCH_PATHS = (
					"$(inherited)",
					"@executable_path/Frameworks",
				);
				MARKETING_VERSION = 1.0;
				PRODUCT_BUNDLE_IDENTIFIER = "com.soy.Sparta9-NetflixClone";
				PRODUCT_NAME = "$(TARGET_NAME)";
				SWIFT_EMIT_LOC_STRINGS = YES;
				SWIFT_VERSION = 5.0;
				TARGETED_DEVICE_FAMILY = "1,2";
			};
			name = Debug;
		};
		B323A7152D1D115000C0FB70 /* Release */ = {
			isa = XCBuildConfiguration;
			buildSettings = {
				ASSETCATALOG_COMPILER_APPICON_NAME = AppIcon;
				ASSETCATALOG_COMPILER_GLOBAL_ACCENT_COLOR_NAME = AccentColor;
				CODE_SIGN_STYLE = Automatic;
				CURRENT_PROJECT_VERSION = 1;
				GENERATE_INFOPLIST_FILE = YES;
				INFOPLIST_FILE = Sparta9_NetflixClone/Info.plist;
				INFOPLIST_KEY_UIApplicationSupportsIndirectInputEvents = YES;
				INFOPLIST_KEY_UILaunchStoryboardName = LaunchScreen;
				INFOPLIST_KEY_UISupportedInterfaceOrientations_iPad = "UIInterfaceOrientationPortrait UIInterfaceOrientationPortraitUpsideDown UIInterfaceOrientationLandscapeLeft UIInterfaceOrientationLandscapeRight";
				INFOPLIST_KEY_UISupportedInterfaceOrientations_iPhone = "UIInterfaceOrientationPortrait UIInterfaceOrientationLandscapeLeft UIInterfaceOrientationLandscapeRight";
				LD_RUNPATH_SEARCH_PATHS = (
					"$(inherited)",
					"@executable_path/Frameworks",
				);
				MARKETING_VERSION = 1.0;
				PRODUCT_BUNDLE_IDENTIFIER = "com.soy.Sparta9-NetflixClone";
				PRODUCT_NAME = "$(TARGET_NAME)";
				SWIFT_EMIT_LOC_STRINGS = YES;
				SWIFT_VERSION = 5.0;
				TARGETED_DEVICE_FAMILY = "1,2";
			};
			name = Release;
		};
		B323A7162D1D115000C0FB70 /* Debug */ = {
			isa = XCBuildConfiguration;
			buildSettings = {
				ALWAYS_SEARCH_USER_PATHS = NO;
				ASSETCATALOG_COMPILER_GENERATE_SWIFT_ASSET_SYMBOL_EXTENSIONS = YES;
				CLANG_ANALYZER_NONNULL = YES;
				CLANG_ANALYZER_NUMBER_OBJECT_CONVERSION = YES_AGGRESSIVE;
				CLANG_CXX_LANGUAGE_STANDARD = "gnu++20";
				CLANG_ENABLE_MODULES = YES;
				CLANG_ENABLE_OBJC_ARC = YES;
				CLANG_ENABLE_OBJC_WEAK = YES;
				CLANG_WARN_BLOCK_CAPTURE_AUTORELEASING = YES;
				CLANG_WARN_BOOL_CONVERSION = YES;
				CLANG_WARN_COMMA = YES;
				CLANG_WARN_CONSTANT_CONVERSION = YES;
				CLANG_WARN_DEPRECATED_OBJC_IMPLEMENTATIONS = YES;
				CLANG_WARN_DIRECT_OBJC_ISA_USAGE = YES_ERROR;
				CLANG_WARN_DOCUMENTATION_COMMENTS = YES;
				CLANG_WARN_EMPTY_BODY = YES;
				CLANG_WARN_ENUM_CONVERSION = YES;
				CLANG_WARN_INFINITE_RECURSION = YES;
				CLANG_WARN_INT_CONVERSION = YES;
				CLANG_WARN_NON_LITERAL_NULL_CONVERSION = YES;
				CLANG_WARN_OBJC_IMPLICIT_RETAIN_SELF = YES;
				CLANG_WARN_OBJC_LITERAL_CONVERSION = YES;
				CLANG_WARN_OBJC_ROOT_CLASS = YES_ERROR;
				CLANG_WARN_QUOTED_INCLUDE_IN_FRAMEWORK_HEADER = YES;
				CLANG_WARN_RANGE_LOOP_ANALYSIS = YES;
				CLANG_WARN_STRICT_PROTOTYPES = YES;
				CLANG_WARN_SUSPICIOUS_MOVE = YES;
				CLANG_WARN_UNGUARDED_AVAILABILITY = YES_AGGRESSIVE;
				CLANG_WARN_UNREACHABLE_CODE = YES;
				CLANG_WARN__DUPLICATE_METHOD_MATCH = YES;
				COPY_PHASE_STRIP = NO;
				DEBUG_INFORMATION_FORMAT = dwarf;
				ENABLE_STRICT_OBJC_MSGSEND = YES;
				ENABLE_TESTABILITY = YES;
				ENABLE_USER_SCRIPT_SANDBOXING = YES;
				GCC_C_LANGUAGE_STANDARD = gnu17;
				GCC_DYNAMIC_NO_PIC = NO;
				GCC_NO_COMMON_BLOCKS = YES;
				GCC_OPTIMIZATION_LEVEL = 0;
				GCC_PREPROCESSOR_DEFINITIONS = (
					"DEBUG=1",
					"$(inherited)",
				);
				GCC_WARN_64_TO_32_BIT_CONVERSION = YES;
				GCC_WARN_ABOUT_RETURN_TYPE = YES_ERROR;
				GCC_WARN_UNDECLARED_SELECTOR = YES;
				GCC_WARN_UNINITIALIZED_AUTOS = YES_AGGRESSIVE;
				GCC_WARN_UNUSED_FUNCTION = YES;
				GCC_WARN_UNUSED_VARIABLE = YES;
				IPHONEOS_DEPLOYMENT_TARGET = 18.1;
				LOCALIZATION_PREFERS_STRING_CATALOGS = YES;
				MTL_ENABLE_DEBUG_INFO = INCLUDE_SOURCE;
				MTL_FAST_MATH = YES;
				ONLY_ACTIVE_ARCH = YES;
				SDKROOT = iphoneos;
				SWIFT_ACTIVE_COMPILATION_CONDITIONS = "DEBUG $(inherited)";
				SWIFT_OPTIMIZATION_LEVEL = "-Onone";
			};
			name = Debug;
		};
		B323A7172D1D115000C0FB70 /* Release */ = {
			isa = XCBuildConfiguration;
			buildSettings = {
				ALWAYS_SEARCH_USER_PATHS = NO;
				ASSETCATALOG_COMPILER_GENERATE_SWIFT_ASSET_SYMBOL_EXTENSIONS = YES;
				CLANG_ANALYZER_NONNULL = YES;
				CLANG_ANALYZER_NUMBER_OBJECT_CONVERSION = YES_AGGRESSIVE;
				CLANG_CXX_LANGUAGE_STANDARD = "gnu++20";
				CLANG_ENABLE_MODULES = YES;
				CLANG_ENABLE_OBJC_ARC = YES;
				CLANG_ENABLE_OBJC_WEAK = YES;
				CLANG_WARN_BLOCK_CAPTURE_AUTORELEASING = YES;
				CLANG_WARN_BOOL_CONVERSION = YES;
				CLANG_WARN_COMMA = YES;
				CLANG_WARN_CONSTANT_CONVERSION = YES;
				CLANG_WARN_DEPRECATED_OBJC_IMPLEMENTATIONS = YES;
				CLANG_WARN_DIRECT_OBJC_ISA_USAGE = YES_ERROR;
				CLANG_WARN_DOCUMENTATION_COMMENTS = YES;
				CLANG_WARN_EMPTY_BODY = YES;
				CLANG_WARN_ENUM_CONVERSION = YES;
				CLANG_WARN_INFINITE_RECURSION = YES;
				CLANG_WARN_INT_CONVERSION = YES;
				CLANG_WARN_NON_LITERAL_NULL_CONVERSION = YES;
				CLANG_WARN_OBJC_IMPLICIT_RETAIN_SELF = YES;
				CLANG_WARN_OBJC_LITERAL_CONVERSION = YES;
				CLANG_WARN_OBJC_ROOT_CLASS = YES_ERROR;
				CLANG_WARN_QUOTED_INCLUDE_IN_FRAMEWORK_HEADER = YES;
				CLANG_WARN_RANGE_LOOP_ANALYSIS = YES;
				CLANG_WARN_STRICT_PROTOTYPES = YES;
				CLANG_WARN_SUSPICIOUS_MOVE = YES;
				CLANG_WARN_UNGUARDED_AVAILABILITY = YES_AGGRESSIVE;
				CLANG_WARN_UNREACHABLE_CODE = YES;
				CLANG_WARN__DUPLICATE_METHOD_MATCH = YES;
				COPY_PHASE_STRIP = NO;
				DEBUG_INFORMATION_FORMAT = "dwarf-with-dsym";
				ENABLE_NS_ASSERTIONS = NO;
				ENABLE_STRICT_OBJC_MSGSEND = YES;
				ENABLE_USER_SCRIPT_SANDBOXING = YES;
				GCC_C_LANGUAGE_STANDARD = gnu17;
				GCC_NO_COMMON_BLOCKS = YES;
				GCC_WARN_64_TO_32_BIT_CONVERSION = YES;
				GCC_WARN_ABOUT_RETURN_TYPE = YES_ERROR;
				GCC_WARN_UNDECLARED_SELECTOR = YES;
				GCC_WARN_UNINITIALIZED_AUTOS = YES_AGGRESSIVE;
				GCC_WARN_UNUSED_FUNCTION = YES;
				GCC_WARN_UNUSED_VARIABLE = YES;
				IPHONEOS_DEPLOYMENT_TARGET = 18.1;
				LOCALIZATION_PREFERS_STRING_CATALOGS = YES;
				MTL_ENABLE_DEBUG_INFO = NO;
				MTL_FAST_MATH = YES;
				SDKROOT = iphoneos;
				SWIFT_COMPILATION_MODE = wholemodule;
				VALIDATE_PRODUCT = YES;
			};
			name = Release;
		};
		B323A7192D1D115000C0FB70 /* Debug */ = {
			isa = XCBuildConfiguration;
			buildSettings = {
				BUNDLE_LOADER = "$(TEST_HOST)";
				CODE_SIGN_STYLE = Automatic;
				CURRENT_PROJECT_VERSION = 1;
				GENERATE_INFOPLIST_FILE = YES;
				IPHONEOS_DEPLOYMENT_TARGET = 18.1;
				MARKETING_VERSION = 1.0;
				PRODUCT_BUNDLE_IDENTIFIER = "com.soy.Sparta9-NetflixCloneTests";
				PRODUCT_NAME = "$(TARGET_NAME)";
				SWIFT_EMIT_LOC_STRINGS = NO;
				SWIFT_VERSION = 5.0;
				TARGETED_DEVICE_FAMILY = "1,2";
				TEST_HOST = "$(BUILT_PRODUCTS_DIR)/Sparta9_NetflixClone.app/$(BUNDLE_EXECUTABLE_FOLDER_PATH)/Sparta9_NetflixClone";
			};
			name = Debug;
		};
		B323A71A2D1D115000C0FB70 /* Release */ = {
			isa = XCBuildConfiguration;
			buildSettings = {
				BUNDLE_LOADER = "$(TEST_HOST)";
				CODE_SIGN_STYLE = Automatic;
				CURRENT_PROJECT_VERSION = 1;
				GENERATE_INFOPLIST_FILE = YES;
				IPHONEOS_DEPLOYMENT_TARGET = 18.1;
				MARKETING_VERSION = 1.0;
				PRODUCT_BUNDLE_IDENTIFIER = "com.soy.Sparta9-NetflixCloneTests";
				PRODUCT_NAME = "$(TARGET_NAME)";
				SWIFT_EMIT_LOC_STRINGS = NO;
				SWIFT_VERSION = 5.0;
				TARGETED_DEVICE_FAMILY = "1,2";
				TEST_HOST = "$(BUILT_PRODUCTS_DIR)/Sparta9_NetflixClone.app/$(BUNDLE_EXECUTABLE_FOLDER_PATH)/Sparta9_NetflixClone";
			};
			name = Release;
		};
		B323A71C2D1D115000C0FB70 /* Debug */ = {
			isa = XCBuildConfiguration;
			buildSettings = {
				CODE_SIGN_STYLE = Automatic;
				CURRENT_PROJECT_VERSION = 1;
				GENERATE_INFOPLIST_FILE = YES;
				MARKETING_VERSION = 1.0;
				PRODUCT_BUNDLE_IDENTIFIER = "com.soy.Sparta9-NetflixCloneUITests";
				PRODUCT_NAME = "$(TARGET_NAME)";
				SWIFT_EMIT_LOC_STRINGS = NO;
				SWIFT_VERSION = 5.0;
				TARGETED_DEVICE_FAMILY = "1,2";
				TEST_TARGET_NAME = Sparta9_NetflixClone;
			};
			name = Debug;
		};
		B323A71D2D1D115000C0FB70 /* Release */ = {
			isa = XCBuildConfiguration;
			buildSettings = {
				CODE_SIGN_STYLE = Automatic;
				CURRENT_PROJECT_VERSION = 1;
				GENERATE_INFOPLIST_FILE = YES;
				MARKETING_VERSION = 1.0;
				PRODUCT_BUNDLE_IDENTIFIER = "com.soy.Sparta9-NetflixCloneUITests";
				PRODUCT_NAME = "$(TARGET_NAME)";
				SWIFT_EMIT_LOC_STRINGS = NO;
				SWIFT_VERSION = 5.0;
				TARGETED_DEVICE_FAMILY = "1,2";
				TEST_TARGET_NAME = Sparta9_NetflixClone;
			};
			name = Release;
		};
/* End XCBuildConfiguration section */

/* Begin XCConfigurationList section */
		B323A6E52D1D114E00C0FB70 /* Build configuration list for PBXProject "Sparta9_NetflixClone" */ = {
			isa = XCConfigurationList;
			buildConfigurations = (
				B323A7162D1D115000C0FB70 /* Debug */,
				B323A7172D1D115000C0FB70 /* Release */,
			);
			defaultConfigurationIsVisible = 0;
			defaultConfigurationName = Release;
		};
		B323A7132D1D115000C0FB70 /* Build configuration list for PBXNativeTarget "Sparta9_NetflixClone" */ = {
			isa = XCConfigurationList;
			buildConfigurations = (
				B323A7142D1D115000C0FB70 /* Debug */,
				B323A7152D1D115000C0FB70 /* Release */,
			);
			defaultConfigurationIsVisible = 0;
			defaultConfigurationName = Release;
		};
		B323A7182D1D115000C0FB70 /* Build configuration list for PBXNativeTarget "Sparta9_NetflixCloneTests" */ = {
			isa = XCConfigurationList;
			buildConfigurations = (
				B323A7192D1D115000C0FB70 /* Debug */,
				B323A71A2D1D115000C0FB70 /* Release */,
			);
			defaultConfigurationIsVisible = 0;
			defaultConfigurationName = Release;
		};
		B323A71B2D1D115000C0FB70 /* Build configuration list for PBXNativeTarget "Sparta9_NetflixCloneUITests" */ = {
			isa = XCConfigurationList;
			buildConfigurations = (
				B323A71C2D1D115000C0FB70 /* Debug */,
				B323A71D2D1D115000C0FB70 /* Release */,
			);
			defaultConfigurationIsVisible = 0;
			defaultConfigurationName = Release;
		};
/* End XCConfigurationList section */

/* Begin XCRemoteSwiftPackageReference section */
		B323A7312D1D71F200C0FB70 /* XCRemoteSwiftPackageReference "SnapKit" */ = {
			isa = XCRemoteSwiftPackageReference;
			repositoryURL = "https://github.com/SnapKit/SnapKit";
			requirement = {
				kind = upToNextMajorVersion;
				minimumVersion = 5.7.1;
			};
		};
		B359F57F2D1E832900CC0835 /* XCRemoteSwiftPackageReference "RxSwift" */ = {
			isa = XCRemoteSwiftPackageReference;
			repositoryURL = "https://github.com/ReactiveX/RxSwift";
			requirement = {
				kind = upToNextMajorVersion;
				minimumVersion = 6.8.0;
			};
		};
/* End XCRemoteSwiftPackageReference section */

/* Begin XCSwiftPackageProductDependency section */
		B323A7322D1D71F200C0FB70 /* SnapKit */ = {
			isa = XCSwiftPackageProductDependency;
			package = B323A7312D1D71F200C0FB70 /* XCRemoteSwiftPackageReference "SnapKit" */;
			productName = SnapKit;
		};
		B359F5802D1E832900CC0835 /* RxBlocking */ = {
			isa = XCSwiftPackageProductDependency;
			package = B359F57F2D1E832900CC0835 /* XCRemoteSwiftPackageReference "RxSwift" */;
			productName = RxBlocking;
		};
		B359F5822D1E832900CC0835 /* RxCocoa */ = {
			isa = XCSwiftPackageProductDependency;
			package = B359F57F2D1E832900CC0835 /* XCRemoteSwiftPackageReference "RxSwift" */;
			productName = RxCocoa;
		};
		B359F5842D1E832900CC0835 /* RxRelay */ = {
			isa = XCSwiftPackageProductDependency;
			package = B359F57F2D1E832900CC0835 /* XCRemoteSwiftPackageReference "RxSwift" */;
			productName = RxRelay;
		};
/* End XCSwiftPackageProductDependency section */
	};
	rootObject = B323A6E22D1D114E00C0FB70 /* Project object */;
}
